# This file is automatically @generated by Poetry 2.1.3 and should not be changed by hand.

[[package]]
name = "boto3"
version = "1.43.53"
description = "The AWS SDK for Python"
optional = false
python-versions = ">=3.10"
groups = ["main"]
files = [
    {file = "boto3-1.43.53-py3-none-any.whl", hash = "sha256:5383e705d8a976a14f23bb8c113c07a396931a019db98fce4cdc68650ec6e4d8"},
    {file = "boto3-1.43.53.tar.gz", hash = "sha256:c80425acab314d7af09609562053f565139e1fe49108eacfcc1601ebfaee235b"},
]

[package.dependencies]
botocore = ">=1.43.53,<1.44.0"
jmespath = ">=0.7.1,<2.0.0"
s3transfer = ">=0.19.0,<0.20.0"

[package.extras]
crt = ["botocore[crt] (>=1.21.0,<2.0a0)"]

[[package]]
name = "botocore"
version = "1.43.53"
description = "Low-level, data-driven core of boto 3."
optional = false
python-versions = ">=3.10"
groups = ["main"]
files = [
    {file = "botocore-1.43.53-py3-none-any.whl", hash = "sha256:b7ee9a70d187e5348883c820990ccd9436ab14e2bd6622741fc96fe561e816b8"},
    {file = "botocore-1.43.53.tar.gz", hash = "sha256:36d93dd8db68ee75f6b61ca9f775161b8168844e4601698701530e6efdded141"},
]

[package.dependencies]
jmespath = ">=0.7.1,<2.0.0"
python-dateutil = ">=2.1,<3.0.0"
urllib3 = ">=1.25.4,<2.2.0 || >2.2.0,<3"

[package.extras]
crt = ["awscrt (==0.36.0)"]

[[package]]
name = "colorama"
version = "0.4.6"
description = "Cross-platform colored terminal text."
optional = false
python-versions = "!=3.0.*,!=3.1.*,!=3.2.*,!=3.3.*,!=3.4.*,!=3.5.*,!=3.6.*,>=2.7"
groups = ["dev"]
markers = "sys_platform == \"win32\""
files = [
    {file = "colorama-0.4.6-py2.py3-none-any.whl", hash = "sha256:4f1d9991f5acc0ca119f9d443620b77f9d6b33703e51011c16baf57afb285fc6"},
    {file = "colorama-0.4.6.tar.gz", hash = "sha256:08695f5cb7ed6e0531a20572697297273c47b8cae5a63ffc6d6ed5c201be6e44"},
]

[[package]]
name = "coverage"
version = "7.15.2"
description = "Code coverage measurement for Python"
optional = false
python-versions = ">=3.10"
groups = ["dev"]
files = [
    {file = "coverage-7.15.2-cp310-cp310-macosx_10_9_x86_64.whl", hash = "sha256:9b5bd92ff1ec22e535eab0de75fa6db021992791f461a2aceb7822c625a1187d"},
    {file = "coverage-7.15.2-cp310-cp310-macosx_11_0_arm64.whl", hash = "sha256:44826758cfe73fcd0e6af5deb4ba6d5417cc1d13df3acb35c93484a11160f846"},
    {file = "coverage-7.15.2-cp310-cp310-manylinux1_i686.manylinux_2_28_i686.manylinux_2_5_i686.whl", hash = "sha256:09f5c6ec5901f667bd97dd140b5b9a2586b10efec66f46fb1e6d8135f8b95bdf"},
    {file = "coverage-7.15.2-cp310-cp310-manylinux1_x86_64.manylinux_2_28_x86_64.manylinux_2_5_x86_64.whl", hash = "sha256:1d16e3a7104ea84f03e614611b3edbf6fb6892554b3ab0fe7fbb3f2b2ef04376"},
    {file = "coverage-7.15.2-cp310-cp310-manylinux2014_aarch64.manylinux_2_17_aarch64.manylinux_2_28_aarch64.whl", hash = "sha256:d46e62cb35d91e6e2589fda6d28074426b0e276422b5d2ebef2c6b11dc60dbfd"},
    {file = "coverage-7.15.2-cp310-cp310-manylinux2014_ppc64le.manylinux_2_17_ppc64le.manylinux_2_28_ppc64le.whl", hash = "sha256:dfd3db045e95960ae3683059571e597fda7cc610106a8916f77c5839048c1deb"},
    {file = "coverage-7.15.2-cp310-cp310-manylinux_2_31_riscv64.manylinux_2_39_riscv64.whl", hash = "sha256:affd532502d34c0472d0cdb181325c89f1d2c44992fef0c17e88e7b1576259a1"},
    {file = "coverage-7.15.2-cp310-cp310-musllinux_1_2_aarch64.whl", hash = "sha256:d17d7512151fedfcc64c1821a8977fc9be0dbf495754669afcab7b57abc98ae9"},
    {file = "coverage-7.15.2-cp310-cp310-musllinux_1_2_i686.whl", hash = "sha256:e26ff680768b8095e8874aabe0e9d3a47a2a9f176a8340d05f8604c56457c23a"},
    {file = "coverage-7.15.2-cp310-cp310-musllinux_1_2_ppc64le.whl", hash = "sha256:7e8f27131dc7cd53de2c137dd207b3720919320b3c20d499dc30aa9ee6173287"},
    {file = "coverage-7.15.2-cp310-cp310-musllinux_1_2_riscv64.whl", hash = "sha256:728a33676d4c3f0db977990a4bd421dcaa3be3e53b5b6273036fff6666008e89"},
    {file = "coverage-7.15.2-cp310-cp310-musllinux_1_2_x86_64.whl", hash = "sha256:29c052f7c83ccfcc5c577eaae025d2e4a9bb80daf03c0ac31c996e83b000ce88"},
    {file = "coverage-7.15.2-cp310-cp310-win32.whl", hash = "sha256:1268ac8fb9ddcd783d3948dbabaf80a5d53bfdaa0575e873e2139a692f797443"},
    {file = "coverage-7.15.2-cp310-cp310-win_amd64.whl", hash = "sha256:9f4432898c4bf2fba0435bbe35dd4437d7264565e5a88a21f5b49d8662a6b629"},
    {file = "coverage-7.15.2-cp311-cp311-macosx_10_9_x86_64.whl", hash = "sha256:2f1ec6f304b156669cfde653b4e9a953f5de87e247ea02ac599bce0ab2744036"},
    {file = "coverage-7.15.2-cp311-cp311-macosx_11_0_arm64.whl", hash = "sha256:4d3361879d736f469f45723c11ea1a5bbdaf1f6928f0e632c940378b5aa9b660"},
    {file = "coverage-7.15.2-cp311-cp311-manylinux1_i686.manylinux_2_28_i686.manylinux_2_5_i686.whl", hash = "sha256:c6a98d698f9e2c8008d0370ec7fc452ebfcc530002ae2d0061170d768b992589"},
    {file = "coverage-7.15.2-cp311-cp311-manylinux1_x86_64.manylinux_2_28_x86_64.manylinux_2_5_x86_64.whl", hash = "sha256:d50dd325e18ec25bfcc10cd7f99b04df1ab9ec76b0918c260e60817ad0643dee"},
    {file = "coverage-7.15.2-cp311-cp311-manylinux2014_aarch64.manylinux_2_17_aarch64.manylinux_2_28_aarch64.whl", hash = "sha256:67d7602480a47bdf5b675635403625553ebaa70d5a62a657c035149fd401cea0"},
    {file = "coverage-7.15.2-cp311-cp311-manylinux2014_ppc64le.manylinux_2_17_ppc64le.manylinux_2_28_ppc64le.whl", hash = "sha256:cee0f89f4767a6057c8fbf168f8135f18be651300496086bd873e3189fed0487"},
    {file = "coverage-7.15.2-cp311-cp311-manylinux_2_31_riscv64.manylinux_2_39_riscv64.whl", hash = "sha256:a29ec5305a7335aacee2d799e3422e91e1c8a12474986e2b3b07e315c91be82f"},
    {file = "coverage-7.15.2-cp311-cp311-musllinux_1_2_aarch64.whl", hash = "sha256:48ccc6395958eda89093ecdc35644c86f23a8b23a7f4d44958812b721aad67c1"},
    {file = "coverage-7.15.2-cp311-cp311-musllinux_1_2_i686.whl", hash = "sha256:81f382c5a94b434ec1f6da607edb904c76d7212e618cd4d1bc9f97bed4120ef5"},
    {file = "coverage-7.15.2-cp311-cp311-musllinux_1_2_ppc64le.whl", hash = "sha256:bbc808daf4f5cd567af8075ecc72d21c6dfef9a254709a621a84c217c935ebc0"},
    {file = "coverage-7.15.2-cp311-cp311-musllinux_1_2_riscv64.whl", hash = "sha256:a4c46b247b5d4b78f613bd89fea926d32b25c6cc61a50bd1e99ba310348f3dad"},
    {file = "coverage-7.15.2-cp311-cp311-musllinux_1_2_x86_64.whl", hash = "sha256:094dd37f3ef7b2da8b068b583d1f4c40f91c65197e16c52a71962d5d537fc5db"},
    {file = "coverage-7.15.2-cp311-cp311-win32.whl", hash = "sha256:a63b9e190711134d581c4d703df5df09851b1acf99792c7aacbbe9f41f0283c9"},
    {file = "coverage-7.15.2-cp311-cp311-win_amd64.whl", hash = "sha256:8bb9f4b4279187560796a4cdaca3b0a93dd97e48ee667df005f4ed9a97403688"},
    {file = "coverage-7.15.2-cp311-cp311-win_arm64.whl", hash = "sha256:8c726b232659cbd2ae57ade46509eb068c9bd7a06df9fcbff6fe484870006934"},
    {file = "coverage-7.15.2-cp312-cp312-macosx_10_13_x86_64.whl", hash = "sha256:1adac78e5abc7c5438f7a209c9ca69d06542f0bf481d728b6989ea80b813fdf9"},
    {file = "coverage-7.15.2-cp312-cp312-macosx_11_0_arm64.whl", hash = "sha256:b868acc62aa5de3be7a9d05c2333bf8359ca987e43f9cb30ff8fbda6a024ab73"},
    {file = "coverage-7.15.2-cp312-cp312-manylinux1_i686.manylinux_2_28_i686.manylinux_2_5_i686.whl", hash = "sha256:6f6966fc30e6f06ca8f98fb0ce51eda6b111b3ee8d066a8b1ec9e77fa06ab55d"},
    {file = "coverage-7.15.2-cp312-cp312-manylinux1_x86_64.manylinux_2_28_x86_64.manylinux_2_5_x86_64.whl", hash = "sha256:68af907f595ab01a78f794932ff3bdf929c316d3000810d38dbc247129e26f8b"},
    {file = "coverage-7.15.2-cp312-cp312-manylinux2014_aarch64.manylinux_2_17_aarch64.manylinux_2_28_aarch64.whl", hash = "sha256:afa29e2eff3d5729267e2cb2fd4ce9d61c952932fb2694e34ccb5d9540c6a296"},
    {file = "coverage-7.15.2-cp312-cp312-manylinux2014_ppc64le.manylinux_2_17_ppc64le.manylinux_2_28_ppc64le.whl", hash = "sha256:bbf44513ceb1589e31948e20eafbde9deaface90e1a1afa5f5f77b4423d17ce6"},
    {file = "coverage-7.15.2-cp312-cp312-manylinux_2_31_riscv64.manylinux_2_39_riscv64.whl", hash = "sha256:9deddf09eecb717b7f980414b43d90a5b22ff3967d2949ab29cb0aa83d9e9098"},
    {file = "coverage-7.15.2-cp312-cp312-musllinux_1_2_aarch64.whl", hash = "sha256:ae901f7e55ba405c84ee1cab3d3e962e4e871e4a2bcb9c90911adbd69b42ac5a"},
    {file = "coverage-7.15.2-cp312-cp312-musllinux_1_2_i686.whl", hash = "sha256:a0f47002c6eeb7c280228467a4cb0cc15ca2103a8421b986b2d3ec04a0f9bd8b"},
    {file = "coverage-7.15.2-cp312-cp312-musllinux_1_2_ppc64le.whl", hash = "sha256:1cd7a5beb7af3e864a13b1f0fb26efd3695da43ef0daf71e586adfffaf34d5b2"},
    {file = "coverage-7.15.2-cp312-cp312-musllinux_1_2_riscv64.whl", hash = "sha256:97a5c5457a9fb1d6c4e06cfb5dc835871fbfb6a6a51addc9e925bdeff5ef7440"},
    {file = "coverage-7.15.2-cp312-cp312-musllinux_1_2_x86_64.whl", hash = "sha256:0901cfe6c13bcd2302da4f83e884555d2a22bda6e4c476f09ef204ba20ca536e"},
    {file = "coverage-7.15.2-cp312-cp312-win32.whl", hash = "sha256:b171bdd71cb7ff792bf32e376173b0ace7e7963e7e57c58dfc42063a6a7174cd"},
    {file = "coverage-7.15.2-cp312-cp312-win_amd64.whl", hash = "sha256:582edc45c2040543fef83341be23c43024a3ab3ae0c2d8bc498a06282905ad40"},
    {file = "coverage-7.15.2-cp312-cp312-win_arm64.whl", hash = "sha256:a638db90c61cd219aeee65e83a24fdaa57269a741ae0cf773309208ac862cee3"},
    {file = "coverage-7.15.2-cp313-cp313-macosx_10_13_x86_64.whl", hash = "sha256:1121caa19159a38b5463eaae4b1e1fde81e525b15ecc5e000cd5b1a108f743a8"},
    {file = "coverage-7.15.2-cp313-cp313-macosx_11_0_arm64.whl", hash = "sha256:a300c6934e0989c327b9e8a1e110329da4641149f872bbe9f70168be66da76c1"},
    {file = "coverage-7.15.2-cp313-cp313-manylinux1_i686.manylinux_2_28_i686.manylinux_2_5_i686.whl", hash = "sha256:2617f8799d268fabdeef42a7e89ac3a23e1deee9025427db2df970f99a89a578"},
    {file = "coverage-7.15.2-cp313-cp313-manylinux1_x86_64.manylinux_2_28_x86_64.manylinux_2_5_x86_64.whl", hash = "sha256:7dc2950a2992cd676d35c20ae63522836deeb034f08874699d14068710af3dc1"},
    {file = "coverage-7.15.2-cp313-cp313-manylinux2014_aarch64.manylinux_2_17_aarch64.manylinux_2_28_aarch64.whl", hash = "sha256:9e36686f7a442185db2400b3df171aac520869faf9deb59df687d28659eda2a6"},
    {file = "coverage-7.15.2-cp313-cp313-manylinux2014_ppc64le.manylinux_2_17_ppc64le.manylinux_2_28_ppc64le.whl", hash = "sha256:7d29ca7bd67af6e12e74632d65f026eabc1364da5c254494cd914446a28a3ef7"},
    {file = "coverage-7.15.2-cp313-cp313-manylinux_2_31_riscv64.manylinux_2_39_riscv64.whl", hash = "sha256:db9c8438057e5b0f6a22a0af99c0c1d26b57fbbdbd1be5861ddb8f897fcc3a2d"},
    {file = "coverage-7.15.2-cp313-cp313-musllinux_1_2_aarch64.whl", hash = "sha256:63022c4c8dec1d0342f05c3ede99842fe3d007689acc45e86f123a1746e4a026"},
    {file = "coverage-7.15.2-cp313-cp313-musllinux_1_2_i686.whl", hash = "sha256:6c0be82b4d4aa5b2704e08518e2252f3e3d110164bcca826816801052e48a7aa"},
    {file = "coverage-7.15.2-cp313-cp313-musllinux_1_2_ppc64le.whl", hash = "sha256:4510fb9cdf6bb02dfa6af0be4a534b8102d086e22e4a33f8836df663da3d660d"},
    {file = "coverage-7.15.2-cp313-cp313-musllinux_1_2_riscv64.whl", hash = "sha256:42ec3d989421b174a2ab607c1539f24127ad362757b7f1c0c0d7a2993f7eb37b"},
    {file = "coverage-7.15.2-cp313-cp313-musllinux_1_2_x86_64.whl", hash = "sha256:e8f91bce78e32343af184c3b7fa28fcf5a9e2641f4b6623d392038f804939188"},
    {file = "coverage-7.15.2-cp313-cp313-win32.whl", hash = "sha256:434e68d531858205895eb0d74b73d20b84260de426387d53c422a5acda2cf050"},
    {file = "coverage-7.15.2-cp313-cp313-win_amd64.whl", hash = "sha256:26c3b04a6377fd7c09800921fa934e3a17c0020439cd59df73e73ae1d4b6a78c"},
    {file = "coverage-7.15.2-cp313-cp313-win_arm64.whl", hash = "sha256:3ed010aa1b69cda8e827aabfca9866216c980e2dca82ab9a78c5f83689964c8b"},
    {file = "coverage-7.15.2-cp314-cp314-macosx_10_15_x86_64.whl", hash = "sha256:40f633c5c5fc783732f6312280122e859538fa24461235597c13d803ea9a108a"},
    {file = "coverage-7.15.2-cp314-cp314-macosx_11_0_arm64.whl", hash = "sha256:075560438765b7a2ef43bf7aa7758661b53d889df47f062a31bda6c1ade553a2"},
    {file = "coverage-7.15.2-cp314-cp314-manylinux1_i686.manylinux_2_28_i686.manylinux_2_5_i686.whl", hash = "sha256:25fd15dd40a0a2c51a500d664ca29053c09c3259d998407bf982b6e114696138"},
    {file = "coverage-7.15.2-cp314-cp314-manylinux1_x86_64.manylinux_2_28_x86_64.manylinux_2_5_x86_64.whl", hash = "sha256:b9a6367e4aff723e8ee8190836836124284e8fcd4265e307c844010cfa074f3f"},
    {file = "coverage-7.15.2-cp314-cp314-manylinux2014_aarch64.manylinux_2_17_aarch64.manylinux_2_28_aarch64.whl", hash = "sha256:9854ca62c152874b2060772503535be2e8f53f70b8aaa7686b094888d872f984"},
    {file = "coverage-7.15.2-cp314-cp314-manylinux2014_ppc64le.manylinux_2_17_ppc64le.manylinux_2_28_ppc64le.whl", hash = "sha256:913b6c56e110da40e035bbd168353bf7aaa2544a5eaccea5d98a4629aac156c7"},
    {file = "coverage-7.15.2-cp314-cp314-manylinux_2_31_riscv64.manylinux_2_39_riscv64.whl", hash = "sha256:aaccad4129d735a8a4d526f26929894c9a4e8ef7034566f210b176749d6906e3"},
    {file = "coverage-7.15.2-cp314-cp314-musllinux_1_2_aarch64.whl", hash = "sha256:a164b50081fc7357331c4024ef4d17b78ba325f8380d05f5a69599a7e05257ee"},
    {file = "coverage-7.15.2-cp314-cp314-musllinux_1_2_i686.whl", hash = "sha256:bfd341ccf78128e72c094bc70cc25b3ef309c33c7c2c66ba3ed4309549e02de1"},
    {file = "coverage-7.15.2-cp314-cp314-musllinux_1_2_ppc64le.whl", hash = "sha256:1473b3ba8e7ee0f076117b1a72c23f579a2b9e2bb742f48a8d86ea27ca93f91a"},
    {file = "coverage-7.15.2-cp314-cp314-musllinux_1_2_riscv64.whl", hash = "sha256:17c432b5f73ad52ef46fb06019f6fa7c66ce381961cf0f7dfd1d3a4bd3a98145"},
    {file = "coverage-7.15.2-cp314-cp314-musllinux_1_2_x86_64.whl", hash = "sha256:77f0ef5011df53a4bd1b35211ab122287f8d9b8d7aa1c4553e5c2deb24b1d446"},
    {file = "coverage-7.15.2-cp314-cp314-win32.whl", hash = "sha256:f653e5d7248c1191ec988a85c72edeab46c3ff44f90639a4ed4874ec0be90243"},
    {file = "coverage-7.15.2-cp314-cp314-win_amd64.whl", hash = "sha256:9911f31aad8906abe337c271343485cf20df5e70df5d2f57f9f136e7b55f26bc"},
    {file = "coverage-7.15.2-cp314-cp314-win_arm64.whl", hash = "sha256:e38def96ad59853824c97953fdcd2c320a84ba3ce99b417db78af8bb6c3db635"},
    {file = "coverage-7.15.2-cp314-cp314t-macosx_10_15_x86_64.whl", hash = "sha256:835ec4e20b45f0a7f63ed78f94065aca00de033403df8377bfe8b9c6abc0a7be"},
    {file = "coverage-7.15.2-cp314-cp314t-macosx_11_0_arm64.whl", hash = "sha256:7466cc7ab6dc0db871d264bf99e8779f0917ee63d40730af0552f71535a6e072"},
    {file = "coverage-7.15.2-cp314-cp314t-manylinux1_i686.manylinux_2_28_i686.manylinux_2_5_i686.whl", hash = "sha256:e370c12133095ff18432de8c044962be85a5a96d90c6fcbce8e17e76236d2328"},
    {file = "coverage-7.15.2-cp314-cp314t-manylinux1_x86_64.manylinux_2_28_x86_64.manylinux_2_5_x86_64.whl", hash = "sha256:fe41909c9515c3bfdb5f02c4d1f857dba322d9a9a1178069b91eea77889df63a"},
    {file = "coverage-7.15.2-cp314-cp314t-manylinux2014_aarch64.manylinux_2_17_aarch64.manylinux_2_28_aarch64.whl", hash = "sha256:6aa28cfb6488e5453b5b762d65f73aa586380f6693a04d58078ce228a29b06c0"},
    {file = "coverage-7.15.2-cp314-cp314t-manylinux2014_ppc64le.manylinux_2_17_ppc64le.manylinux_2_28_ppc64le.whl", hash = "sha256:bcc0aae933921d03096f53b0b03eeb702129fd406dee59f08d2efacc68681fa5"},
    {file = "coverage-7.15.2-cp314-cp314t-manylinux_2_31_riscv64.manylinux_2_39_riscv64.whl", hash = "sha256:7c63387e21ab21f512c69c9756a8c7dadd322c7275edb064064433c9a09c3743"},
    {file = "coverage-7.15.2-cp314-cp314t-musllinux_1_2_aarch64.whl", hash = "sha256:0e55510bc98ae943cece9e667a6c0fe94c6a92913720dea34243657a17993d0c"},
    {file = "coverage-7.15.2-cp314-cp314t-musllinux_1_2_i686.whl", hash = "sha256:2ff08701be2d1556fc78b326c80a3e8042da09352ecb3819105f8e386c8a3071"},
    {file = "coverage-7.15.2-cp314-cp314t-musllinux_1_2_ppc64le.whl", hash = "sha256:38c9518b7103826c403a461544e3c2e77151e8676d06eaed85911a97e962584a"},
    {file = "coverage-7.15.2-cp314-cp314t-musllinux_1_2_riscv64.whl", hash = "sha256:dee88b1ed88587abd8c0269a1fc1f4cc77f7750d1dfde2869e2a123af420e67d"},
    {file = "coverage-7.15.2-cp314-cp314t-musllinux_1_2_x86_64.whl", hash = "sha256:2fbeeeecea279727f8ac16c8e1133ddfeee793e985c86ae343d6a5ce744eef8c"},
    {file = "coverage-7.15.2-cp314-cp314t-win32.whl", hash = "sha256:cb0fddaa6884be6aae36ced9544b5e90f7d5f03845a2853bf47a14953a4e8688"},
    {file = "coverage-7.15.2-cp314-cp314t-win_amd64.whl", hash = "sha256:77f091ea3a9cc611cd29f433565476bc1936c084ac8eee00ea0e7e70c27e4199"},
    {file = "coverage-7.15.2-cp314-cp314t-win_arm64.whl", hash = "sha256:6fc448c377d6eeb00a47c673494bd9bae29280ca53987e1869e67ebedfe20658"},
    {file = "coverage-7.15.2-py3-none-any.whl", hash = "sha256:eb6bcae8d1a9d305351ecb108232441d11c5cfe9de840a04388ba5d2db8d735c"},
    {file = "coverage-7.15.2.tar.gz", hash = "sha256:3df60dc267f0a2ca23cb7a9ab1109c62b9335ffbf519fcfe167157c28c09b81d"},
]

[package.dependencies]
tomli = {version = "*", optional = true, markers = "python_full_version <= \"3.11.0a6\" and extra == \"toml\""}

[package.extras]
toml = ["tomli ; python_full_version <= \"3.11.0a6\""]

[[package]]
name = "exceptiongroup"
version = "1.3.1"
description = "Backport of PEP 654 (exception groups)"
optional = false
python-versions = ">=3.7"
groups = ["dev"]
markers = "python_version == \"3.10\""
files = [
    {file = "exceptiongroup-1.3.1-py3-none-any.whl", hash = "sha256:a7a39a3bd276781e98394987d3a5701d0c4edffb633bb7a5144577f82c773598"},
    {file = "exceptiongroup-1.3.1.tar.gz", hash = "sha256:8b412432c6055b0b7d14c310000ae93352ed6754f70fa8f7c34141f91c4e3219"},
]

[package.dependencies]
typing-extensions = {version = ">=4.6.0", markers = "python_version < \"3.13\""}

[package.extras]
test = ["pytest (>=6)"]

[[package]]
name = "expects"
version = "0.9.0"
description = "Expressive and extensible TDD/BDD assertion library for Python"
optional = false
python-versions = "*"
groups = ["dev"]
files = [
    {file = "expects-0.9.0.tar.gz", hash = "sha256:419902ccafe81b7e9559eeb6b7a07ef9d5c5604eddb93000f0642b3b2d594f4c"},
]

[[package]]
name = "iniconfig"
version = "2.3.0"
description = "brain-dead simple config-ini parsing"
optional = false
python-versions = ">=3.10"
groups = ["dev"]
files = [
    {file = "iniconfig-2.3.0-py3-none-any.whl", hash = "sha256:f631c04d2c48c52b84d0d0549c99ff3859c98df65b3101406327ecc7d53fbf12"},
    {file = "iniconfig-2.3.0.tar.gz", hash = "sha256:c76315c77db068650d49c5b56314774a7804df16fee4402c1f19d6d15d8c4730"},
]

[[package]]
name = "injector"
version = "0.24.0"
description = "Injector - Python dependency injection framework, inspired by Guice"
optional = false
python-versions = "*"
groups = ["main"]
files = [
    {file = "injector-0.24.0-py3-none-any.whl", hash = "sha256:47294c7a7fdb811f0d1b442a1e0152bb2fc28b2ccaaba4cba44e5e125e0da2d0"},
    {file = "injector-0.24.0.tar.gz", hash = "sha256:e85a75d1516cff2f03170f3fd1219f56acb25c9a05e307819ae0dcde3dad3d3f"},
]

[package.extras]
dev = ["black (==24.3.0) ; implementation_name == \"cpython\"", "build (==1.0.3)", "check-manifest (==0.49)", "click (==8.1.7)", "coverage[toml] (==7.3.2)", "exceptiongroup (==1.2.0)", "importlib-metadata (==7.0.0)", "iniconfig (==2.0.0)", "mypy (==1.7.1) ; implementation_name == \"cpython\"", "mypy-extensions (==1.0.0)", "packaging (==25.0)", "pathspec (==0.12.1)", "platformdirs (==4.1.0)", "pluggy (==1.3.0)", "pyproject-hooks (==1.0.0)", "pytest (==7.4.3)", "pytest-cov (==4.1.0)", "tomli (==2.0.1)", "typing-extensions (==4.9.0) ; python_version < \"3.9\"", "zipp (==3.19.1)"]

[[package]]
name = "jmespath"
version = "1.1.0"
description = "JSON Matching Expressions"
optional = false
python-versions = ">=3.9"
groups = ["main"]
files = [
    {file = "jmespath-1.1.0-py3-none-any.whl", hash = "sha256:a5663118de4908c91729bea0acadca56526eb2698e83de10cd116ae0f4e97c64"},
    {file = "jmespath-1.1.0.tar.gz", hash = "sha256:472c87d80f36026ae83c6ddd0f1d05d4e510134ed462851fd5f754c8c3cbb88d"},
]

[[package]]
name = "modmex"
version = "1.2.1"
description = "Lightweight Python models built on dataclasses with validation, serialization, and type-safe data mapping"
optional = false
python-versions = ">=3.10"
groups = ["main"]
files = [
    {file = "modmex-1.2.1-cp310-abi3-macosx_11_0_arm64.whl", hash = "sha256:824023fc8b254cd46f60261bf1bb9ee0fc94caf003c1565d47e388a580c8c3dd"},
    {file = "modmex-1.2.1-cp310-abi3-manylinux_2_34_x86_64.whl", hash = "sha256:d2640bc09992bf333dd5adec5ec2002786cd815a3936a620c3999b644945753e"},
    {file = "modmex-1.2.1-cp310-abi3-win_amd64.whl", hash = "sha256:72160453d8ed9b6f532518e0bbe5e846b1b9c303fcfdeb49b956160631889d45"},
    {file = "modmex-1.2.1.tar.gz", hash = "sha256:5db2f2e08f768d41027ec7194329a597d5eaf10834f452e95cdd36f4e4e194e2"},
]

[package.dependencies]
orjson = ">=3.11.9,<4.0.0"

[[package]]
name = "orjson"
version = "3.11.9"
description = "Fast, correct Python JSON library supporting dataclasses, datetimes, and numpy"
optional = false
python-versions = ">=3.10"
groups = ["main"]
files = [
    {file = "orjson-3.11.9-cp310-cp310-macosx_10_15_x86_64.macosx_11_0_arm64.macosx_10_15_universal2.whl", hash = "sha256:135869ef917b8704ea0a94e01620e0c05021c15c52036e4663baffe75e72f8ce"},
    {file = "orjson-3.11.9-cp310-cp310-manylinux_2_17_aarch64.manylinux2014_aarch64.whl", hash = "sha256:115ab5f5f4a0f203cc2a5f0fb09aee503a3f771aa08392949ab5ca230c4fbdbd"},
    {file = "orjson-3.11.9-cp310-cp310-manylinux_2_17_armv7l.manylinux2014_armv7l.whl", hash = "sha256:4da3c38a2083ca4aaf9c2a36776cce3e9328e6647b10d118948f3cfb4913ffe4"},
    {file = "orjson-3.11.9-cp310-cp310-manylinux_2_17_i686.manylinux2014_i686.whl", hash = "sha256:53b50b0e14084b8f7e29c5ce84c5af0f1160169b30d8a6914231d97d2fe297d4"},
    {file = "orjson-3.11.9-cp310-cp310-manylinux_2_17_ppc64le.manylinux2014_ppc64le.whl", hash = "sha256:231742b4a11dad8d5380a435962c57e91b7c37b79be858f4ef1c0df1a259897e"},
    {file = "orjson-3.11.9-cp310-cp310-manylinux_2_17_s390x.manylinux2014_s390x.whl", hash = "sha256:34fd2317602587321faab75ab76c623a0117e80841a6413654f04e47f339a8fb"},
    {file = "orjson-3.11.9-cp310-cp310-manylinux_2_17_x86_64.manylinux2014_x86_64.whl", hash = "sha256:71f3db16e69b667b132e0f305a833d5497da302d801508cbb051ed9a9819da47"},
    {file = "orjson-3.11.9-cp310-cp310-musllinux_1_2_aarch64.whl", hash = "sha256:0b34789fa0da61cf7bef0546b09c738fb195331e017e477096d129e9105ab03d"},
    {file = "orjson-3.11.9-cp310-cp310-musllinux_1_2_armv7l.whl", hash = "sha256:87e4d4ab280b0c87424d47695bec2182caf8cfc17879ea78dab76680194abc13"},
    {file = "orjson-3.11.9-cp310-cp310-musllinux_1_2_i686.whl", hash = "sha256:ace6c58523302d3b97b6ac5c38a5298a54b473762b6be82726b4265c41029f92"},
    {file = "orjson-3.11.9-cp310-cp310-musllinux_1_2_x86_64.whl", hash = "sha256:97d0d932803c1b164fde11cb542a9efcb1e0f63b184537cca65887147906ff48"},
    {file = "orjson-3.11.9-cp310-cp310-win32.whl", hash = "sha256:b3afcf569c15577a9fe64627292daa3e6b3a70f4fb77a5df246a87ec21681b94"},
    {file = "orjson-3.11.9-cp310-cp310-win_amd64.whl", hash = "sha256:8697ab6a080a5c46edaad50e2bc5bd8c7ca5c66442d24104fa44ec74910a8244"},
    {file = "orjson-3.11.9-cp311-cp311-macosx_10_15_x86_64.macosx_11_0_arm64.macosx_10_15_universal2.whl", hash = "sha256:f01c4818b3fc9b0da8e096722a84318071eaa118df35f6ed2344da0e73a5444f"},
    {file = "orjson-3.11.9-cp311-cp311-macosx_15_0_arm64.whl", hash = "sha256:3ebca4179031ee716ed076ffadc29428e900512f6fccee8614c9983157fcf19c"},
    {file = "orjson-3.11.9-cp311-cp311-manylinux_2_17_aarch64.manylinux2014_aarch64.whl", hash = "sha256:48ee05097750de0ff69ed5b7bbcf0732182fd57a24043dcc2a1da780a5ead3a5"},
    {file = "orjson-3.11.9-cp311-cp311-manylinux_2_17_armv7l.manylinux2014_armv7l.whl", hash = "sha256:a6082706765a95a6680d812e1daf1c0cfe8adec7831b3ff3b625693f3b461b1c"},
    {file = "orjson-3.11.9-cp311-cp311-manylinux_2_17_i686.manylinux2014_i686.whl", hash = "sha256:277fefe9d76ee17eb14debf399e3533d4d63b5f677a4d3719eb763536af1f4bd"},
    {file = "orjson-3.11.9-cp311-cp311-manylinux_2_17_ppc64le.manylinux2014_ppc64le.whl", hash = "sha256:03db380e3780fa0015ed776a90f20e8e20bb11dde13b216ce19e5718e3dfba62"},
    {file = "orjson-3.11.9-cp311-cp311-manylinux_2_17_s390x.manylinux2014_s390x.whl", hash = "sha256:33d7d766701847dc6729846362dc27895d2f2d2251264f9d10e7cb9878194877"},
    {file = "orjson-3.11.9-cp311-cp311-manylinux_2_17_x86_64.manylinux2014_x86_64.whl", hash = "sha256:147302878da387104b66bb4a8b0227d1d487e976ce41a8501916161072ed87b1"},
    {file = "orjson-3.11.9-cp311-cp311-musllinux_1_2_aarch64.whl", hash = "sha256:3513550321f8c8c811a7c3297b8a630e82dc08e4c10216d07703c997776236cd"},
    {file = "orjson-3.11.9-cp311-cp311-musllinux_1_2_armv7l.whl", hash = "sha256:c5d001196b89fa9cf0a4ab79766cd835b991a166e4b621ba95089edc50c429ff"},
    {file = "orjson-3.11.9-cp311-cp311-musllinux_1_2_i686.whl", hash = "sha256:16969c9d369c98eb084889c6e4d2d39b77c7eb38ceccf8da2a9fff62ae908980"},
    {file = "orjson-3.11.9-cp311-cp311-musllinux_1_2_x86_64.whl", hash = "sha256:63e0efbc991250c0b3143488fa57d95affcabbfc63c99c48d625dd37779aafe2"},
    {file = "orjson-3.11.9-cp311-cp311-win32.whl", hash = "sha256:14ed654580c1ed2bc217352ec82f91b047aef82951aa71c7f64e0dcb03c0e180"},
    {file = "orjson-3.11.9-cp311-cp311-win_amd64.whl", hash = "sha256:57ea77fb70a448ce87d18fca050193202a3da5e54598f6501ca5476fb66cfe02"},
    {file = "orjson-3.11.9-cp311-cp311-win_arm64.whl", hash = "sha256:19b72ed11572a2ee51a67a903afbe5af504f84ed6f529c0fe44b0ab3fb5cc697"},
    {file = "orjson-3.11.9-cp312-cp312-macosx_10_15_x86_64.macosx_11_0_arm64.macosx_10_15_universal2.whl", hash = "sha256:9ef6fe90aadef185c7b128859f40beb24720b4ecea95379fc9000931179c3a49"},
    {file = "orjson-3.11.9-cp312-cp312-macosx_15_0_arm64.whl", hash = "sha256:e5c9b8f28e726e97d97696c826bc7bea5d71cecd63576dba92924a32c1961291"},
    {file = "orjson-3.11.9-cp312-cp312-manylinux_2_17_aarch64.manylinux2014_aarch64.whl", hash = "sha256:26a473dbb4162108b27901492546f83c76fdcea3d0eadff00ae7a07e18dcce09"},
    {file = "orjson-3.11.9-cp312-cp312-manylinux_2_17_armv7l.manylinux2014_armv7l.whl", hash = "sha256:011382e2a60fda9d46f1cdee31068cfc52ffe952b587d683ec0463002802a0f4"},
    {file = "orjson-3.11.9-cp312-cp312-manylinux_2_17_i686.manylinux2014_i686.whl", hash = "sha256:c2d3dc759490128c5c1711a53eeaa8ee1d437fd0038ffd2b6008abf46db3f882"},
    {file = "orjson-3.11.9-cp312-cp312-manylinux_2_17_ppc64le.manylinux2014_ppc64le.whl", hash = "sha256:d8ea516b3726d190e1b4297e6f4e7a8650347ae053868a18163b4dd3641d1fff"},
    {file = "orjson-3.11.9-cp312-cp312-manylinux_2_17_s390x.manylinux2014_s390x.whl", hash = "sha256:380cdce7ba24989af81d0a7013d0aaec5d0e2a21734c0e2681b1bc4f141957fe"},
    {file = "orjson-3.11.9-cp312-cp312-manylinux_2_17_x86_64.manylinux2014_x86_64.whl", hash = "sha256:be4fa4f0af7fa18951f7ab3fc2148e223af211bf03f59e1c6034ec3f97f21d61"},
    {file = "orjson-3.11.9-cp312-cp312-musllinux_1_2_aarch64.whl", hash = "sha256:a8f5f8bc7ce7d59f08d9f99fa510c06496164a24cb5f3d34537dbd9ca30132e2"},
    {file = "orjson-3.11.9-cp312-cp312-musllinux_1_2_armv7l.whl", hash = "sha256:4d7fde5501b944f83b3e665e1b31343ff6e154b15560a16b7130ea1e594a4206"},
    {file = "orjson-3.11.9-cp312-cp312-musllinux_1_2_i686.whl", hash = "sha256:cde1a448023ba7d5bb4c01c5afb48894380b5e4956e0627266526587ef4e535f"},
    {file = "orjson-3.11.9-cp312-cp312-musllinux_1_2_x86_64.whl", hash = "sha256:71e63adb0e1f1ed5d9e168f50a91ceb93ae6420731d222dc7da5c69409aa47aa"},
    {file = "orjson-3.11.9-cp312-cp312-win32.whl", hash = "sha256:2d057a602cdd19a0ad680417527c45b6961a095081c0f46fe0e03e304aac6470"},
    {file = "orjson-3.11.9-cp312-cp312-win_amd64.whl", hash = "sha256:59e403b1cc5a676da8eaf31f6254801b7341b3e29efa85f92b48d272637e77be"},
    {file = "orjson-3.11.9-cp312-cp312-win_arm64.whl", hash = "sha256:9af678d6488357948f1f84c6cd1c1d397c014e1ae2f98ae082a44eb48f602624"},
    {file = "orjson-3.11.9-cp313-cp313-macosx_10_15_x86_64.macosx_11_0_arm64.macosx_10_15_universal2.whl", hash = "sha256:4bab1b2d6141fe7b32ae71dac905666ece4f94936efbfb13d55bb7739a3a6021"},
    {file = "orjson-3.11.9-cp313-cp313-macosx_15_0_arm64.whl", hash = "sha256:844417969855fc7a41be124aafe83dc424592a7f77cd4501900c67307122b92c"},
    {file = "orjson-3.11.9-cp313-cp313-manylinux_2_17_aarch64.manylinux2014_aarch64.whl", hash = "sha256:ffe02797b5e9f3a9d8292ddcd289b474ad13e81ad83cd1891a240811f1d2cb81"},
    {file = "orjson-3.11.9-cp313-cp313-manylinux_2_17_armv7l.manylinux2014_armv7l.whl", hash = "sha256:0e4eed3b200023042814d2fc8a5d2e880f13b52e1ed2485e83da4f3962f7dc1a"},
    {file = "orjson-3.11.9-cp313-cp313-manylinux_2_17_i686.manylinux2014_i686.whl", hash = "sha256:8aff7da9952a5ad1cef8e68017724d96c7b9a66e99e91d6252e1b133d67a7b10"},
    {file = "orjson-3.11.9-cp313-cp313-manylinux_2_17_ppc64le.manylinux2014_ppc64le.whl", hash = "sha256:4d4e98d6f3b8afed8bc8cd9718ec0cdf46661826beefb53fe8eafb37f2bf0362"},
    {file = "orjson-3.11.9-cp313-cp313-manylinux_2_17_s390x.manylinux2014_s390x.whl", hash = "sha256:3a81d52442a7c99b3662333235b3adf96a1715864658b35bb797212be7bddb97"},
    {file = "orjson-3.11.9-cp313-cp313-manylinux_2_17_x86_64.manylinux2014_x86_64.whl", hash = "sha256:4e39364e726a8fff737309aff059ff67d8a8c8d5b677be7bb49a8b3e84b7e218"},
    {file = "orjson-3.11.9-cp313-cp313-musllinux_1_2_aarch64.whl", hash = "sha256:4fd66214623f1b17501df9f0543bef0b833979ab5b6ded1e1d123222866aa8c9"},
    {file = "orjson-3.11.9-cp313-cp313-musllinux_1_2_armv7l.whl", hash = "sha256:8ecc30f10465fa1e0ce13fd01d9e22c316e5053a719a8d915d4545a09a5ff677"},
    {file = "orjson-3.11.9-cp313-cp313-musllinux_1_2_i686.whl", hash = "sha256:97db4c94a7db398a5bd636273324f0b3fd58b350bbbac8bb380ceb825a9b40f4"},
    {file = "orjson-3.11.9-cp313-cp313-musllinux_1_2_x86_64.whl", hash = "sha256:9f78cf8fec5bd627f4082b8dfeac7871b43d7f3274904492a43dab39f18a19a0"},
    {file = "orjson-3.11.9-cp313-cp313-win32.whl", hash = "sha256:d4087e5c0209a0a8efe4de3303c234b9c44d1174161dcd851e8eea07c7560b32"},
    {file = "orjson-3.11.9-cp313-cp313-win_amd64.whl", hash = "sha256:051b102c93b4f634e89f3866b07b9a9a98915ada541f4ec30f177067b2694979"},
    {file = "orjson-3.11.9-cp313-cp313-win_arm64.whl", hash = "sha256:cce9127885941bd28f080cecf1f1d288336b7e0d812c345b08be88b572796254"},
    {file = "orjson-3.11.9-cp314-cp314-macosx_10_15_x86_64.macosx_11_0_arm64.macosx_10_15_universal2.whl", hash = "sha256:b6ef1979adc4bc243523f1a2ba91418030a8e29b0a99cbe7e0e2d6807d4dce6e"},
    {file = "orjson-3.11.9-cp314-cp314-macosx_15_0_arm64.whl", hash = "sha256:f36b7f32c7c0db4a719f1fc5824db4a9c6f8bd1a354debb91faf26ebf3a4c71e"},
    {file = "orjson-3.11.9-cp314-cp314-manylinux_2_17_aarch64.manylinux2014_aarch64.whl", hash = "sha256:08f4d8ebb44925c794e535b2bebc507cebf32209df81de22ae285fb0d8d66de0"},
    {file = "orjson-3.11.9-cp314-cp314-manylinux_2_17_armv7l.manylinux2014_armv7l.whl", hash = "sha256:6cc7923789694fd58f001cbcac7e47abc13af4d560ebbfcf3b41a8b1a0748124"},
    {file = "orjson-3.11.9-cp314-cp314-manylinux_2_17_i686.manylinux2014_i686.whl", hash = "sha256:ea5c46eb2d3af39e806b986f4b09d5c2706a1f5afde3cbf7544ce6616127173c"},
    {file = "orjson-3.11.9-cp314-cp314-manylinux_2_17_ppc64le.manylinux2014_ppc64le.whl", hash = "sha256:f5d89a2ed90731df3be64bab0aa44f78bff39fdc9d71c291f4a8023aa46425b7"},
    {file = "orjson-3.11.9-cp314-cp314-manylinux_2_17_s390x.manylinux2014_s390x.whl", hash = "sha256:25e4aed0312d292c09f61af25bba34e0b2c88546041472b09088c39a4d828af1"},
    {file = "orjson-3.11.9-cp314-cp314-manylinux_2_17_x86_64.manylinux2014_x86_64.whl", hash = "sha256:aaea64f3f467d22e70eeed68bdccb3bc4f83f650446c4a03c59f2cba28a108db"},
    {file = "orjson-3.11.9-cp314-cp314-musllinux_1_2_aarch64.whl", hash = "sha256:a028425d1b440c5d92a6be1e1a020739dfe67ea87d96c6dbe828c1b30041728b"},
    {file = "orjson-3.11.9-cp314-cp314-musllinux_1_2_armv7l.whl", hash = "sha256:5b192c6cf397e4455b11523c5cf2b18ed084c1bbd61b6c0926344d2129481972"},
    {file = "orjson-3.11.9-cp314-cp314-musllinux_1_2_i686.whl", hash = "sha256:ea407d4ccf5891d667d045fecae97a7a1e5e87b3b97f97ae1803c2e741130be0"},
    {file = "orjson-3.11.9-cp314-cp314-musllinux_1_2_x86_64.whl", hash = "sha256:5f63aaf97afd9f6dec5b1a68e1b8da12bfccb4cb9a9a65c3e0b6c847849e7586"},
    {file = "orjson-3.11.9-cp314-cp314-win32.whl", hash = "sha256:e30ab17845bb9fa54ccf67fa4f9f5282652d54faa6d17452f47d0f369d038673"},
    {file = "orjson-3.11.9-cp314-cp314-win_amd64.whl", hash = "sha256:32ef5f4283a3be81913947d19608eacb7c6608026851123790cd9cc8982af34b"},
    {file = "orjson-3.11.9-cp314-cp314-win_arm64.whl", hash = "sha256:eebdbdeef0094e4f5aefa20dcd4eb2368ab5e7a3b4edea27f1e7b2892e009cf9"},
    {file = "orjson-3.11.9.tar.gz", hash = "sha256:4fef17e1f8722c11587a6ef18e35902450221da0028e65dbaaa543619e68e48f"},
]

[[package]]
name = "packaging"
version = "26.2"
description = "Core utilities for Python packages"
optional = false
python-versions = ">=3.8"
groups = ["dev"]
files = [
    {file = "packaging-26.2-py3-none-any.whl", hash = "sha256:5fc45236b9446107ff2415ce77c807cee2862cb6fac22b8a73826d0693b0980e"},
    {file = "packaging-26.2.tar.gz", hash = "sha256:ff452ff5a3e828ce110190feff1178bb1f2ea2281fa2075aadb987c2fb221661"},
]

[[package]]
name = "pluggy"
version = "1.6.0"
description = "plugin and hook calling mechanisms for python"
optional = false
python-versions = ">=3.9"
groups = ["dev"]
files = [
    {file = "pluggy-1.6.0-py3-none-any.whl", hash = "sha256:e920276dd6813095e9377c0bc5566d94c932c33b27a3e3945d8389c374dd4746"},
    {file = "pluggy-1.6.0.tar.gz", hash = "sha256:7dcc130b76258d33b90f61b658791dede3486c3e6bfb003ee5c9bfb396dd22f3"},
]

[package.extras]
dev = ["pre-commit", "tox"]
testing = ["coverage", "pytest", "pytest-benchmark"]

[[package]]
name = "pydash"
version = "8.0.6"
description = "The kitchen sink of Python utility libraries for doing \"stuff\" in a functional way. Based on the Lo-Dash Javascript library."
optional = false
python-versions = ">=3.9"
groups = ["main"]
files = [
    {file = "pydash-8.0.6-py3-none-any.whl", hash = "sha256:ee70a81a5b292c007f28f03a4ee8e75c1f5d7576df5457b836ec7ab2839cc5d0"},
    {file = "pydash-8.0.6.tar.gz", hash = "sha256:b2821547e9723f69cf3a986be4db64de41730be149b2641947ecd12e1e11025a"},
]

[package.dependencies]
typing-extensions = ">3.10,<4.6.0 || >4.6.0"

[package.extras]
dev = ["build", "coverage", "furo", "invoke", "mypy", "pytest", "pytest-cov", "pytest-mypy-testing", "ruff", "sphinx", "sphinx-autodoc-typehints", "tox", "twine", "wheel"]

[[package]]
name = "pygments"
version = "2.20.0"
description = "Pygments is a syntax highlighting package written in Python."
optional = false
python-versions = ">=3.9"
groups = ["dev"]
files = [
    {file = "pygments-2.20.0-py3-none-any.whl", hash = "sha256:81a9e26dd42fd28a23a2d169d86d7ac03b46e2f8b59ed4698fb4785f946d0176"},
    {file = "pygments-2.20.0.tar.gz", hash = "sha256:6757cd03768053ff99f3039c1a36d6c0aa0b263438fcab17520b30a303a82b5f"},
]

[package.extras]
windows-terminal = ["colorama (>=0.4.6)"]

[[package]]
name = "pytest"
version = "9.1.1"
description = "pytest: simple powerful testing with Python"
optional = false
python-versions = ">=3.10"
groups = ["dev"]
files = [
    {file = "pytest-9.1.1-py3-none-any.whl", hash = "sha256:37a86b45efb9a47a61a36449063e8e18d0cab3161329fc099eb21783169c4f0c"},
    {file = "pytest-9.1.1.tar.gz", hash = "sha256:1088fbde8f2b49d95a549a195707afa7a76a3ce9bcadc26b6d71f0ffda5fe313"},
]

[package.dependencies]
colorama = {version = ">=0.4", markers = "sys_platform == \"win32\""}
exceptiongroup = {version = ">=1", markers = "python_version < \"3.11\""}
iniconfig = ">=1.0.1"
packaging = ">=22"
pluggy = ">=1.5,<2"
pygments = ">=2.7.2"
tomli = {version = ">=1", markers = "python_version < \"3.11\""}

[package.extras]
dev = ["argcomplete", "attrs (>=19.2)", "hypothesis (>=3.56)", "mock", "requests", "setuptools", "xmlschema"]

[[package]]
name = "pytest-cov"
version = "7.1.0"
description = "Pytest plugin for measuring coverage."
optional = false
python-versions = ">=3.9"
groups = ["dev"]
files = [
    {file = "pytest_cov-7.1.0-py3-none-any.whl", hash = "sha256:a0461110b7865f9a271aa1b51e516c9a95de9d696734a2f71e3e78f46e1d4678"},
    {file = "pytest_cov-7.1.0.tar.gz", hash = "sha256:30674f2b5f6351aa09702a9c8c364f6a01c27aae0c1366ae8016160d1efc56b2"},
]

[package.dependencies]
coverage = {version = ">=7.10.6", extras = ["toml"]}
pluggy = ">=1.2"
pytest = ">=7"

[package.extras]
testing = ["process-tests", "pytest-xdist", "virtualenv"]

[[package]]
name = "python-dateutil"
version = "2.9.0.post0"
description = "Extensions to the standard Python datetime module"
optional = false
python-versions = "!=3.0.*,!=3.1.*,!=3.2.*,>=2.7"
groups = ["main"]
files = [
    {file = "python-dateutil-2.9.0.post0.tar.gz", hash = "sha256:37dd54208da7e1cd875388217d5e00ebd4179249f90fb72437e91a35459a0ad3"},
    {file = "python_dateutil-2.9.0.post0-py2.py3-none-any.whl", hash = "sha256:a8b2bc7bffae282281c8140a97d3aa9c14da0b136dfe83f850eea9a5f7470427"},
]

[package.dependencies]
six = ">=1.5"

[[package]]
name = "reactivex"
version = "4.1.0"
description = "ReactiveX (Rx) for Python"
optional = false
python-versions = "<4.0,>=3.8"
groups = ["main"]
files = [
    {file = "reactivex-4.1.0-py3-none-any.whl", hash = "sha256:485750ec8d9b34bcc8ff4318971d234dc4f595058a1b4435a74aefef4b2bc9bd"},
    {file = "reactivex-4.1.0.tar.gz", hash = "sha256:c7499e3c802bccaa20839b3e17355a7d939573fded3f38ba3d4796278a169a3d"},
]

[package.dependencies]
typing-extensions = ">=4.1.1,<5.0.0"

[[package]]
name = "s3transfer"
version = "0.19.1"
description = "An Amazon S3 Transfer Manager"
optional = false
python-versions = ">=3.10"
groups = ["main"]
files = [
    {file = "s3transfer-0.19.1-py3-none-any.whl", hash = "sha256:d5fd7005ee39307455ad5f310b5ea67f4b1960d7fed5b3671ee50c249de675de"},
    {file = "s3transfer-0.19.1.tar.gz", hash = "sha256:d3d6371dc3f1e5c5427b2b457bcf13bcf87bec334c95aed18642eae61f6926f3"},
]

[package.dependencies]
botocore = ">=1.37.4,<2.0a.0"

[package.extras]
crt = ["botocore[crt] (>=1.37.4,<2.0a.0)"]

[[package]]
name = "six"
version = "1.17.0"
description = "Python 2 and 3 compatibility utilities"
optional = false
python-versions = "!=3.0.*,!=3.1.*,!=3.2.*,>=2.7"
groups = ["main"]
files = [
    {file = "six-1.17.0-py2.py3-none-any.whl", hash = "sha256:4721f391ed90541fddacab5acf947aa0d3dc7d27b2e1e8eda2be8970586c3274"},
    {file = "six-1.17.0.tar.gz", hash = "sha256:ff70335d468e7eb6ec65b95b99d3a2836546063f63acc5171de367e834932a81"},
]

[[package]]
name = "tomli"
version = "2.4.1"
description = "A lil' TOML parser"
optional = false
python-versions = ">=3.8"
groups = ["dev"]
markers = "python_full_version <= \"3.11.0a6\""
files = [
    {file = "tomli-2.4.1-cp311-cp311-macosx_10_9_x86_64.whl", hash = "sha256:f8f0fc26ec2cc2b965b7a3b87cd19c5c6b8c5e5f436b984e85f486d652285c30"},
    {file = "tomli-2.4.1-cp311-cp311-macosx_11_0_arm64.whl", hash = "sha256:4ab97e64ccda8756376892c53a72bd1f964e519c77236368527f758fbc36a53a"},
    {file = "tomli-2.4.1-cp311-cp311-manylinux2014_aarch64.manylinux_2_17_aarch64.manylinux_2_28_aarch64.whl", hash = "sha256:96481a5786729fd470164b47cdb3e0e58062a496f455ee41b4403be77cb5a076"},
    {file = "tomli-2.4.1-cp311-cp311-manylinux2014_x86_64.manylinux_2_17_x86_64.manylinux_2_28_x86_64.whl", hash = "sha256:5a881ab208c0baf688221f8cecc5401bd291d67e38a1ac884d6736cbcd8247e9"},
    {file = "tomli-2.4.1-cp311-cp311-musllinux_1_2_aarch64.whl", hash = "sha256:47149d5bd38761ac8be13a84864bf0b7b70bc051806bc3669ab1cbc56216b23c"},
    {file = "tomli-2.4.1-cp311-cp311-musllinux_1_2_x86_64.whl", hash = "sha256:ec9bfaf3ad2df51ace80688143a6a4ebc09a248f6ff781a9945e51937008fcbc"},
    {file = "tomli-2.4.1-cp311-cp311-win32.whl", hash = "sha256:ff2983983d34813c1aeb0fa89091e76c3a22889ee83ab27c5eeb45100560c049"},
    {file = "tomli-2.4.1-cp311-cp311-win_amd64.whl", hash = "sha256:5ee18d9ebdb417e384b58fe414e8d6af9f4e7a0ae761519fb50f721de398dd4e"},
    {file = "tomli-2.4.1-cp311-cp311-win_arm64.whl", hash = "sha256:c2541745709bad0264b7d4705ad453b76ccd191e64aa6f0fc66b69a293a45ece"},
    {file = "tomli-2.4.1-cp312-cp312-macosx_10_13_x86_64.whl", hash = "sha256:c742f741d58a28940ce01d58f0ab2ea3ced8b12402f162f4d534dfe18ba1cd6a"},
    {file = "tomli-2.4.1-cp312-cp312-macosx_11_0_arm64.whl", hash = "sha256:7f86fd587c4ed9dd76f318225e7d9b29cfc5a9d43de44e5754db8d1128487085"},
    {file = "tomli-2.4.1-cp312-cp312-manylinux2014_aarch64.manylinux_2_17_aarch64.manylinux_2_28_aarch64.whl", hash = "sha256:ff18e6a727ee0ab0388507b89d1bc6a22b138d1e2fa56d1ad494586d61d2eae9"},
    {file = "tomli-2.4.1-cp312-cp312-manylinux2014_x86_64.manylinux_2_17_x86_64.manylinux_2_28_x86_64.whl", hash = "sha256:136443dbd7e1dee43c68ac2694fde36b2849865fa258d39bf822c10e8068eac5"},
    {file = "tomli-2.4.1-cp312-cp312-musllinux_1_2_aarch64.whl", hash = "sha256:5e262d41726bc187e69af7825504c933b6794dc3fbd5945e41a79bb14c31f585"},
    {file = "tomli-2.4.1-cp312-cp312-musllinux_1_2_x86_64.whl", hash = "sha256:5cb41aa38891e073ee49d55fbc7839cfdb2bc0e600add13874d048c94aadddd1"},
    {file = "tomli-2.4.1-cp312-cp312-win32.whl", hash = "sha256:da25dc3563bff5965356133435b757a795a17b17d01dbc0f42fb32447ddfd917"},
    {file = "tomli-2.4.1-cp312-cp312-win_amd64.whl", hash = "sha256:52c8ef851d9a240f11a88c003eacb03c31fc1c9c4ec64a99a0f922b93874fda9"},
    {file = "tomli-2.4.1-cp312-cp312-win_arm64.whl", hash = "sha256:f758f1b9299d059cc3f6546ae2af89670cb1c4d48ea29c3cacc4fe7de3058257"},
    {file = "tomli-2.4.1-cp313-cp313-macosx_10_13_x86_64.whl", hash = "sha256:36d2bd2ad5fb9eaddba5226aa02c8ec3fa4f192631e347b3ed28186d43be6b54"},
    {file = "tomli-2.4.1-cp313-cp313-macosx_11_0_arm64.whl", hash = "sha256:eb0dc4e38e6a1fd579e5d50369aa2e10acfc9cace504579b2faabb478e76941a"},
    {file = "tomli-2.4.1-cp313-cp313-manylinux2014_aarch64.manylinux_2_17_aarch64.manylinux_2_28_aarch64.whl", hash = "sha256:c7f2c7f2b9ca6bdeef8f0fa897f8e05085923eb091721675170254cbc5b02897"},
    {file = "tomli-2.4.1-cp313-cp313-manylinux2014_x86_64.manylinux_2_17_x86_64.manylinux_2_28_x86_64.whl", hash = "sha256:f3c6818a1a86dd6dca7ddcaaf76947d5ba31aecc28cb1b67009a5877c9a64f3f"},
    {file = "tomli-2.4.1-cp313-cp313-musllinux_1_2_aarch64.whl", hash = "sha256:d312ef37c91508b0ab2cee7da26ec0b3ed2f03ce12bd87a588d771ae15dcf82d"},
    {file = "tomli-2.4.1-cp313-cp313-musllinux_1_2_x86_64.whl", hash = "sha256:51529d40e3ca50046d7606fa99ce3956a617f9b36380da3b7f0dd3dd28e68cb5"},
    {file = "tomli-2.4.1-cp313-cp313-win32.whl", hash = "sha256:2190f2e9dd7508d2a90ded5ed369255980a1bcdd58e52f7fe24b8162bf9fedbd"},
    {file = "tomli-2.4.1-cp313-cp313-win_amd64.whl", hash = "sha256:8d65a2fbf9d2f8352685bc1364177ee3923d6baf5e7f43ea4959d7d8bc326a36"},
    {file = "tomli-2.4.1-cp313-cp313-win_arm64.whl", hash = "sha256:4b605484e43cdc43f0954ddae319fb75f04cc10dd80d830540060ee7cd0243cd"},
    {file = "tomli-2.4.1-cp314-cp314-macosx_10_15_x86_64.whl", hash = "sha256:fd0409a3653af6c147209d267a0e4243f0ae46b011aa978b1080359fddc9b6cf"},
    {file = "tomli-2.4.1-cp314-cp314-macosx_11_0_arm64.whl", hash = "sha256:a120733b01c45e9a0c34aeef92bf0cf1d56cfe81ed9d47d562f9ed591a9828ac"},
    {file = "tomli-2.4.1-cp314-cp314-manylinux2014_aarch64.manylinux_2_17_aarch64.manylinux_2_28_aarch64.whl", hash = "sha256:559db847dc486944896521f68d8190be1c9e719fced785720d2216fe7022b662"},
    {file = "tomli-2.4.1-cp314-cp314-manylinux2014_x86_64.manylinux_2_17_x86_64.manylinux_2_28_x86_64.whl", hash = "sha256:01f520d4f53ef97964a240a035ec2a869fe1a37dde002b57ebc4417a27ccd853"},
    {file = "tomli-2.4.1-cp314-cp314-musllinux_1_2_aarch64.whl", hash = "sha256:7f94b27a62cfad8496c8d2513e1a222dd446f095fca8987fceef261225538a15"},
    {file = "tomli-2.4.1-cp314-cp314-musllinux_1_2_x86_64.whl", hash = "sha256:ede3e6487c5ef5d28634ba3f31f989030ad6af71edfb0055cbbd14189ff240ba"},
    {file = "tomli-2.4.1-cp314-cp314-win32.whl", hash = "sha256:3d48a93ee1c9b79c04bb38772ee1b64dcf18ff43085896ea460ca8dec96f35f6"},
    {file = "tomli-2.4.1-cp314-cp314-win_amd64.whl", hash = "sha256:88dceee75c2c63af144e456745e10101eb67361050196b0b6af5d717254dddf7"},
    {file = "tomli-2.4.1-cp314-cp314-win_arm64.whl", hash = "sha256:b8c198f8c1805dc42708689ed6864951fd2494f924149d3e4bce7710f8eb5232"},
    {file = "tomli-2.4.1-cp314-cp314t-macosx_10_15_x86_64.whl", hash = "sha256:d4d8fe59808a54658fcc0160ecfb1b30f9089906c50b23bcb4c69eddc19ec2b4"},
    {file = "tomli-2.4.1-cp314-cp314t-macosx_11_0_arm64.whl", hash = "sha256:7008df2e7655c495dd12d2a4ad038ff878d4ca4b81fccaf82b714e07eae4402c"},
    {file = "tomli-2.4.1-cp314-cp314t-manylinux2014_aarch64.manylinux_2_17_aarch64.manylinux_2_28_aarch64.whl", hash = "sha256:1d8591993e228b0c930c4bb0db464bdad97b3289fb981255d6c9a41aedc84b2d"},
    {file = "tomli-2.4.1-cp314-cp314t-manylinux2014_x86_64.manylinux_2_17_x86_64.manylinux_2_28_x86_64.whl", hash = "sha256:734e20b57ba95624ecf1841e72b53f6e186355e216e5412de414e3c51e5e3c41"},
    {file = "tomli-2.4.1-cp314-cp314t-musllinux_1_2_aarch64.whl", hash = "sha256:8a650c2dbafa08d42e51ba0b62740dae4ecb9338eefa093aa5c78ceb546fcd5c"},
    {file = "tomli-2.4.1-cp314-cp314t-musllinux_1_2_x86_64.whl", hash = "sha256:504aa796fe0569bb43171066009ead363de03675276d2d121ac1a4572397870f"},
    {file = "tomli-2.4.1-cp314-cp314t-win32.whl", hash = "sha256:b1d22e6e9387bf4739fbe23bfa80e93f6b0373a7f1b96c6227c32bef95a4d7a8"},
    {file = "tomli-2.4.1-cp314-cp314t-win_amd64.whl", hash = "sha256:2c1c351919aca02858f740c6d33adea0c5deea37f9ecca1cc1ef9e884a619d26"},
    {file = "tomli-2.4.1-cp314-cp314t-win_arm64.whl", hash = "sha256:eab21f45c7f66c13f2a9e0e1535309cee140182a9cdae1e041d02e47291e8396"},
    {file = "tomli-2.4.1-py3-none-any.whl", hash = "sha256:0d85819802132122da43cb86656f8d1f8c6587d54ae7dcaf30e90533028b49fe"},
    {file = "tomli-2.4.1.tar.gz", hash = "sha256:7c7e1a961a0b2f2472c1ac5b69affa0ae1132c39adcb67aba98568702b9cc23f"},
]

[[package]]
name = "typing-extensions"
version = "4.16.0"
description = "Backported and Experimental Type Hints for Python 3.9+"
optional = false
python-versions = ">=3.9"
groups = ["main", "dev"]
files = [
    {file = "typing_extensions-4.16.0-py3-none-any.whl", hash = "sha256:481caa481374e813c1b176ada14e97f1f67a4539ce9cfeb3f350d78d6370c2e8"},
    {file = "typing_extensions-4.16.0.tar.gz", hash = "sha256:dc983d19a509c94dba722ee6abd33940f7c05a89e243c47e907eb4db6f1a43e5"},
]

[[package]]
name = "urllib3"
version = "2.7.0"
description = "HTTP library with thread-safe connection pooling, file post, and more."
optional = false
python-versions = ">=3.10"
groups = ["main"]
files = [
    {file = "urllib3-2.7.0-py3-none-any.whl", hash = "sha256:9fb4c81ebbb1ce9531cce37674bbc6f1360472bc18ca9a553ede278ef7276897"},
    {file = "urllib3-2.7.0.tar.gz", hash = "sha256:231e0ec3b63ceb14667c67be60f2f2c40a518cb38b03af60abc813da26505f4c"},
]

[package.extras]
brotli = ["brotli (>=1.2.0) ; platform_python_implementation == \"CPython\"", "brotlicffi (>=1.2.0.0) ; platform_python_implementation != \"CPython\""]
h2 = ["h2 (>=4,<5)"]
socks = ["pysocks (>=1.5.6,!=1.5.7,<2.0)"]
zstd = ["backports-zstd (>=1.0.0) ; python_version < \"3.14\""]

[extras]
injector = ["injector"]

[metadata]
lock-version = "2.1"
python-versions = ">=3.10,<4.0"
content-hash = "adfca47c8dc32bc70023fe41391b6dfd4fa9f09352118a536b77152ed318acdc"
